
Microsoft Visual Studio Solution File, Format Version 12.00
# Visual Studio Version 17
VisualStudioVersion = 17.11.35327.3
MinimumVisualStudioVersion = 10.0.40219.1
Project("{FAE04EC0-301F-11D3-BF4B-00C04F79EFBC}") = "AppJogoDaVelha", "AppJogoDaVelha\AppJogoDaVelha.csproj", "{819D6D86-9AB4-4DF3-907A-BCEF642945A5}"
EndProject
Global
	GlobalSection(SolutionConfigurationPlatforms) = preSolution
		Debug|Any CPU = Debug|Any CPU
		Release|Any CPU = Release|Any CPU
	EndGlobalSection
	GlobalSection(ProjectConfigurationPlatforms) = postSolution
		{819D6D86-9AB4-4DF3-907A-BCEF642945A5}.Debug|Any CPU.ActiveCfg = Debug|Any CPU
		{819D6D86-9AB4-4DF3-907A-BCEF642945A5}.Debug|Any CPU.Build.0 = Debug|Any CPU
		{819D6D86-9AB4-4DF3-907A-BCEF642945A5}.Debug|Any CPU.Deploy.0 = Debug|Any CPU
		{819D6D86-9AB4-4DF3-907A-BCEF642945A5}.Release|Any CPU.ActiveCfg = Release|Any CPU
		{819D6D86-9AB4-4DF3-907A-BCEF642945A5}.Release|Any CPU.Build.0 = Release|Any CPU
		{819D6D86-9AB4-4DF3-907A-BCEF642945A5}.Release|Any CPU.Deploy.0 = Release|Any CPU
	EndGlobalSection
	GlobalSection(SolutionProperties) = preSolution
		HideSolutionNode = FALSE
	EndGlobalSection
	GlobalSection(ExtensibilityGlobals) = postSolution
		SolutionGuid = {0852F4FA-FE4B-453D-8BD3-3DDEB1E1B87C}
	EndGlobalSection
EndGlobal
